// !$*UTF8*$!
{
	archiveVersion = 1;
	classes = {
	};
	objectVersion = 55;
	objects = {

/* Begin PBXBuildFile section */
		CD3982B4283744DC00E46A9D /* TravoilaApp.swift in Sources */ = {isa = PBXBuildFile; fileRef = CD3982B3283744DC00E46A9D /* TravoilaApp.swift */; };
		CD3982B6283744DC00E46A9D /* ContentView.swift in Sources */ = {isa = PBXBuildFile; fileRef = CD3982B5283744DC00E46A9D /* ContentView.swift */; };
		CD3982B8283744DC00E46A9D /* Assets.xcassets in Resources */ = {isa = PBXBuildFile; fileRef = CD3982B7283744DC00E46A9D /* Assets.xcassets */; };
		CD3982BB283744DC00E46A9D /* Preview Assets.xcassets in Resources */ = {isa = PBXBuildFile; fileRef = CD3982BA283744DC00E46A9D /* Preview Assets.xcassets */; };
		CD3982C72837451E00E46A9D /* Category.swift in Sources */ = {isa = PBXBuildFile; fileRef = CD3982C52837451E00E46A9D /* Category.swift */; };
		CD3982C82837451E00E46A9D /* Trip.swift in Sources */ = {isa = PBXBuildFile; fileRef = CD3982C62837451E00E46A9D /* Trip.swift */; };
		CD3982D02837453100E46A9D /* DefaultView.swift in Sources */ = {isa = PBXBuildFile; fileRef = CD3982C92837453100E46A9D /* DefaultView.swift */; };
		CD3982D12837453100E46A9D /* NewTripView.swift in Sources */ = {isa = PBXBuildFile; fileRef = CD3982CA2837453100E46A9D /* NewTripView.swift */; };
		CD3982D22837453100E46A9D /* Expense.swift in Sources */ = {isa = PBXBuildFile; fileRef = CD3982CB2837453100E46A9D /* Expense.swift */; };
		CD3982D32837453100E46A9D /* SummaryView.swift in Sources */ = {isa = PBXBuildFile; fileRef = CD3982CC2837453100E46A9D /* SummaryView.swift */; };
		CD3982D42837453100E46A9D /* OnBoardingView.swift in Sources */ = {isa = PBXBuildFile; fileRef = CD3982CD2837453100E46A9D /* OnBoardingView.swift */; };
		CD3982D52837453100E46A9D /* LocalNotification.swift in Sources */ = {isa = PBXBuildFile; fileRef = CD3982CE2837453100E46A9D /* LocalNotification.swift */; };
		CD3982D62837453100E46A9D /* SplashScreen.swift in Sources */ = {isa = PBXBuildFile; fileRef = CD3982CF2837453100E46A9D /* SplashScreen.swift */; };
/* End PBXBuildFile section */

/* Begin PBXFileReference section */
		CD3982B0283744DC00E46A9D /* Travoila.app */ = {isa = PBXFileReference; explicitFileType = wrapper.application; includeInIndex = 0; path = Travoila.app; sourceTree = BUILT_PRODUCTS_DIR; };
		CD3982B3283744DC00E46A9D /* TravoilaApp.swift */ = {isa = PBXFileReference; lastKnownFileType = sourcecode.swift; path = TravoilaApp.swift; sourceTree = "<group>"; };
		CD3982B5283744DC00E46A9D /* ContentView.swift */ = {isa = PBXFileReference; lastKnownFileType = sourcecode.swift; path = ContentView.swift; sourceTree = "<group>"; };
		CD3982B7283744DC00E46A9D /* Assets.xcassets */ = {isa = PBXFileReference; lastKnownFileType = folder.assetcatalog; path = Assets.xcassets; sourceTree = "<group>"; };
		CD3982BA283744DC00E46A9D /* Preview Assets.xcassets */ = {isa = PBXFileReference; lastKnownFileType = folder.assetcatalog; path = "Preview Assets.xcassets"; sourceTree = "<group>"; };
		CD3982C52837451E00E46A9D /* Category.swift */ = {isa = PBXFileReference; fileEncoding = 4; lastKnownFileType = sourcecode.swift; path = Category.swift; sourceTree = "<group>"; };
		CD3982C62837451E00E46A9D /* Trip.swift */ = {isa = PBXFileReference; fileEncoding = 4; lastKnownFileType = sourcecode.swift; path = Trip.swift; sourceTree = "<group>"; };
		CD3982C92837453100E46A9D /* DefaultView.swift */ = {isa = PBXFileReference; fileEncoding = 4; lastKnownFileType = sourcecode.swift; path = DefaultView.swift; sourceTree = "<group>"; };
		CD3982CA2837453100E46A9D /* NewTripView.swift */ = {isa = PBXFileReference; fileEncoding = 4; lastKnownFileType = sourcecode.swift; path = NewTripView.swift; sourceTree = "<group>"; };
		CD3982CB2837453100E46A9D /* Expense.swift */ = {isa = PBXFileReference; fileEncoding = 4; lastKnownFileType = sourcecode.swift; path = Expense.swift; sourceTree = "<group>"; };
		CD3982CC2837453100E46A9D /* SummaryView.swift */ = {isa = PBXFileReference; fileEncoding = 4; lastKnownFileType = sourcecode.swift; path = SummaryView.swift; sourceTree = "<group>"; };
		CD3982CD2837453100E46A9D /* OnBoardingView.swift */ = {isa = PBXFileReference; fileEncoding = 4; lastKnownFileType = sourcecode.swift; path = OnBoardingView.swift; sourceTree = "<group>"; };
		CD3982CE2837453100E46A9D /* LocalNotification.swift */ = {isa = PBXFileReference; fileEncoding = 4; lastKnownFileType = sourcecode.swift; path = LocalNotification.swift; sourceTree = "<group>"; };
		CD3982CF2837453100E46A9D /* SplashScreen.swift */ = {isa = PBXFileReference; fileEncoding = 4; lastKnownFileType = sourcecode.swift; path = SplashScreen.swift; sourceTree = "<group>"; };
/* End PBXFileReference section */

/* Begin PBXFrameworksBuildPhase section */
		CD3982AD283744DC00E46A9D /* Frameworks */ = {
			isa = PBXFrameworksBuildPhase;
			buildActionMask = 2147483647;
			files = (
			);
			runOnlyForDeploymentPostprocessing = 0;
		};
/* End PBXFrameworksBuildPhase section */

/* Begin PBXGroup section */
		CD3982A7283744DC00E46A9D = {
			isa = PBXGroup;
			children = (
				CD3982B2283744DC00E46A9D /* Travoila */,
				CD3982B1283744DC00E46A9D /* Products */,
			);
			sourceTree = "<group>";
		};
		CD3982B1283744DC00E46A9D /* Products */ = {
			isa = PBXGroup;
			children = (
				CD3982B0283744DC00E46A9D /* Travoila.app */,
			);
			name = Products;
			sourceTree = "<group>";
		};
		CD3982B2283744DC00E46A9D /* Travoila */ = {
			isa = PBXGroup;
			children = (
				CD3982C2283744EC00E46A9D /* Model */,
				CD3982C1283744E400E46A9D /* New Group */,
				CD3982B3283744DC00E46A9D /* TravoilaApp.swift */,
				CD3982B5283744DC00E46A9D /* ContentView.swift */,
				CD3982B7283744DC00E46A9D /* Assets.xcassets */,
				CD3982B9283744DC00E46A9D /* Preview Content */,
			);
			path = Travoila;
			sourceTree = "<group>";
		};
		CD3982B9283744DC00E46A9D /* Preview Content */ = {
			isa = PBXGroup;
			children = (
				CD3982BA283744DC00E46A9D /* Preview Assets.xcassets */,
			);
			path = "Preview Content";
			sourceTree = "<group>";
		};
		CD3982C1283744E400E46A9D /* New Group */ = {
			isa = PBXGroup;
			children = (
				CD3982CF2837453100E46A9D /* SplashScreen.swift */,
				CD3982CE2837453100E46A9D /* LocalNotification.swift */,
				CD3982CD2837453100E46A9D /* OnBoardingView.swift */,
				CD3982C92837453100E46A9D /* DefaultView.swift */,
				CD3982CA2837453100E46A9D /* NewTripView.swift */,
				CD3982CC2837453100E46A9D /* SummaryView.swift */,
				CD3982CB2837453100E46A9D /* Expense.swift */,
			);
			path = "New Group";
			sourceTree = "<group>";
		};
		CD3982C2283744EC00E46A9D /* Model */ = {
			isa = PBXGroup;
			children = (
				CD3982C52837451E00E46A9D /* Category.swift */,
				CD3982C62837451E00E46A9D /* Trip.swift */,
			);
			path = Model;
			sourceTree = "<group>";
		};
/* End PBXGroup section */

/* Begin PBXNativeTarget section */
		CD3982AF283744DC00E46A9D /* Travoila */ = {
			isa = PBXNativeTarget;
			buildConfigurationList = CD3982BE283744DC00E46A9D /* Build configuration list for PBXNativeTarget "Travoila" */;
			buildPhases = (
				CD3982AC283744DC00E46A9D /* Sources */,
				CD3982AD283744DC00E46A9D /* Frameworks */,
				CD3982AE283744DC00E46A9D /* Resources */,
			);
			buildRules = (
			);
			dependencies = (
			);
			name = Travoila;
			productName = Travoila;
			productReference = CD3982B0283744DC00E46A9D /* Travoila.app */;
			productType = "com.apple.product-type.application";
		};
/* End PBXNativeTarget section */

/* Begin PBXProject section */
		CD3982A8283744DC00E46A9D /* Project object */ = {
			isa = PBXProject;
			attributes = {
				BuildIndependentTargetsInParallel = 1;
				LastSwiftUpdateCheck = 1330;
				LastUpgradeCheck = 1330;
				TargetAttributes = {
					CD3982AF283744DC00E46A9D = {
						CreatedOnToolsVersion = 13.3.1;
					};
				};
			};
			buildConfigurationList = CD3982AB283744DC00E46A9D /* Build configuration list for PBXProject "Travoila" */;
			compatibilityVersion = "Xcode 13.0";
			developmentRegion = en;
			hasScannedForEncodings = 0;
			knownRegions = (
				en,
				Base,
			);
			mainGroup = CD3982A7283744DC00E46A9D;
			productRefGroup = CD3982B1283744DC00E46A9D /* Products */;
			projectDirPath = "";
			projectRoot = "";
			targets = (
				CD3982AF283744DC00E46A9D /* Travoila */,
			);
		};
/* End PBXProject section */

/* Begin PBXResourcesBuildPhase section */
		CD3982AE283744DC00E46A9D /* Resources */ = {
			isa = PBXResourcesBuildPhase;
			buildActionMask = 2147483647;
			files = (
				CD3982BB283744DC00E46A9D /* Preview Assets.xcassets in Resources */,
				CD3982B8283744DC00E46A9D /* Assets.xcassets in Resources */,
			);
			runOnlyForDeploymentPostprocessing = 0;
		};
/* End PBXResourcesBuildPhase section */

/* Begin PBXSourcesBuildPhase section */
		CD3982AC283744DC00E46A9D /* Sources */ = {
			isa = PBXSourcesBuildPhase;
			buildActionMask = 2147483647;
			files = (
				CD3982D62837453100E46A9D /* SplashScreen.swift in Sources */,
				CD3982D22837453100E46A9D /* Expense.swift in Sources */,
				CD3982C82837451E00E46A9D /* Trip.swift in Sources */,
				CD3982D12837453100E46A9D /* NewTripView.swift in Sources */,
				CD3982D42837453100E46A9D /* OnBoardingView.swift in Sources */,
				CD3982B6283744DC00E46A9D /* ContentView.swift in Sources */,
				CD3982D02837453100E46A9D /* DefaultView.swift in Sources */,
				CD3982B4283744DC00E46A9D /* TravoilaApp.swift in Sources */,
				CD3982C72837451E00E46A9D /* Category.swift in Sources */,
				CD3982D52837453100E46A9D /* LocalNotification.swift in Sources */,
				CD3982D32837453100E46A9D /* SummaryView.swift in Sources */,
			);
			runOnlyForDeploymentPostprocessing = 0;
		};
/* End PBXSourcesBuildPhase section */

/* Begin XCBuildConfiguration section */
		CD3982BC283744DC00E46A9D /* Debug */ = {
			isa = XCBuildConfiguration;
			buildSettings = {
				ALWAYS_SEARCH_USER_PATHS = NO;
				CLANG_ANALYZER_NONNULL = YES;
				CLANG_ANALYZER_NUMBER_OBJECT_CONVERSION = YES_AGGRESSIVE;
				CLANG_CXX_LANGUAGE_STANDARD = "gnu++17";
				CLANG_ENABLE_MODULES = YES;
				CLANG_ENABLE_OBJC_ARC = YES;
				CLANG_ENABLE_OBJC_WEAK = YES;
				CLANG_WARN_BLOCK_CAPTURE_AUTORELEASING = YES;
				CLANG_WARN_BOOL_CONVERSION = YES;
				CLANG_WARN_COMMA = YES;
				CLANG_WARN_CONSTANT_CONVERSION = YES;
				CLANG_WARN_DEPRECATED_OBJC_IMPLEMENTATIONS = YES;
				CLANG_WARN_DIRECT_OBJC_ISA_USAGE = YES_ERROR;
				CLANG_WARN_DOCUMENTATION_COMMENTS = YES;
				CLANG_WARN_EMPTY_BODY = YES;
				CLANG_WARN_ENUM_CONVERSION = YES;
				CLANG_WARN_INFINITE_RECURSION = YES;
				CLANG_WARN_INT_CONVERSION = YES;
				CLANG_WARN_NON_LITERAL_NULL_CONVERSION = YES;
				CLANG_WARN_OBJC_IMPLICIT_RETAIN_SELF = YES;
				CLANG_WARN_OBJC_LITERAL_CONVERSION = YES;
				CLANG_WARN_OBJC_ROOT_CLASS = YES_ERROR;
				CLANG_WARN_QUOTED_INCLUDE_IN_FRAMEWORK_HEADER = YES;
				CLANG_WARN_RANGE_LOOP_ANALYSIS = YES;
				CLANG_WARN_STRICT_PROTOTYPES = YES;
				CLANG_WARN_SUSPICIOUS_MOVE = YES;
				CLANG_WARN_UNGUARDED_AVAILABILITY = YES_AGGRESSIVE;
				CLANG_WARN_UNREACHABLE_CODE = YES;
				CLANG_WARN__DUPLICATE_METHOD_MATCH = YES;
				COPY_PHASE_STRIP = NO;
				DEBUG_INFORMATION_FORMAT = dwarf;
				ENABLE_STRICT_OBJC_MSGSEND = YES;
				ENABLE_TESTABILITY = YES;
				GCC_C_LANGUAGE_STANDARD = gnu11;
				GCC_DYNAMIC_NO_PIC = NO;
				GCC_NO_COMMON_BLOCKS = YES;
				GCC_OPTIMIZATION_LEVEL = 0;
				GCC_PREPROCESSOR_DEFINITIONS = (
					"DEBUG=1",
					"$(inherited)",
				);
				GCC_WARN_64_TO_32_BIT_CONVERSION = YES;
				GCC_WARN_ABOUT_RETURN_TYPE = YES_ERROR;
				GCC_WARN_UNDECLARED_SELECTOR = YES;
				GCC_WARN_UNINITIALIZED_AUTOS = YES_AGGRESSIVE;
				GCC_WARN_UNUSED_FUNCTION = YES;
				GCC_WARN_UNUSED_VARIABLE = YES;
				IPHONEOS_DEPLOYMENT_TARGET = 15.4;
				MTL_ENABLE_DEBUG_INFO = INCLUDE_SOURCE;
				MTL_FAST_MATH = YES;
				ONLY_ACTIVE_ARCH = YES;
				SDKROOT = iphoneos;
				SWIFT_ACTIVE_COMPILATION_CONDITIONS = DEBUG;
				SWIFT_OPTIMIZATION_LEVEL = "-Onone";
			};
			name = Debug;
		};
		CD3982BD283744DC00E46A9D /* Release */ = {
			isa = XCBuildConfiguration;
			buildSettings = {
				ALWAYS_SEARCH_USER_PATHS = NO;
				CLANG_ANALYZER_NONNULL = YES;
				CLANG_ANALYZER_NUMBER_OBJECT_CONVERSION = YES_AGGRESSIVE;
				CLANG_CXX_LANGUAGE_STANDARD = "gnu++17";
				CLANG_ENABLE_MODULES = YES;
				CLANG_ENABLE_OBJC_ARC = YES;
				CLANG_ENABLE_OBJC_WEAK = YES;
				CLANG_WARN_BLOCK_CAPTURE_AUTORELEASING = YES;
				CLANG_WARN_BOOL_CONVERSION = YES;
				CLANG_WARN_COMMA = YES;
				CLANG_WARN_CONSTANT_CONVERSION = YES;
				CLANG_WARN_DEPRECATED_OBJC_IMPLEMENTATIONS = YES;
				CLANG_WARN_DIRECT_OBJC_ISA_USAGE = YES_ERROR;
				CLANG_WARN_DOCUMENTATION_COMMENTS = YES;
				CLANG_WARN_EMPTY_BODY = YES;
				CLANG_WARN_ENUM_CONVERSION = YES;
				CLANG_WARN_INFINITE_RECURSION = YES;
				CLANG_WARN_INT_CONVERSION = YES;
				CLANG_WARN_NON_LITERAL_NULL_CONVERSION = YES;
				CLANG_WARN_OBJC_IMPLICIT_RETAIN_SELF = YES;
				CLANG_WARN_OBJC_LITERAL_CONVERSION = YES;
				CLANG_WARN_OBJC_ROOT_CLASS = YES_ERROR;
				CLANG_WARN_QUOTED_INCLUDE_IN_FRAMEWORK_HEADER = YES;
				CLANG_WARN_RANGE_LOOP_ANALYSIS = YES;
				CLANG_WARN_STRICT_PROTOTYPES = YES;
				CLANG_WARN_SUSPICIOUS_MOVE = YES;
				CLANG_WARN_UNGUARDED_AVAILABILITY = YES_AGGRESSIVE;
				CLANG_WARN_UNREACHABLE_CODE = YES;
				CLANG_WARN__DUPLICATE_METHOD_MATCH = YES;
				COPY_PHASE_STRIP = NO;
				DEBUG_INFORMATION_FORMAT = "dwarf-with-dsym";
				ENABLE_NS_ASSERTIONS = NO;
				ENABLE_STRICT_OBJC_MSGSEND = YES;
				GCC_C_LANGUAGE_STANDARD = gnu11;
				GCC_NO_COMMON_BLOCKS = YES;
				GCC_WARN_64_TO_32_BIT_CONVERSION = YES;
				GCC_WARN_ABOUT_RETURN_TYPE = YES_ERROR;
				GCC_WARN_UNDECLARED_SELECTOR = YES;
				GCC_WARN_UNINITIALIZED_AUTOS = YES_AGGRESSIVE;
				GCC_WARN_UNUSED_FUNCTION = YES;
				GCC_WARN_UNUSED_VARIABLE = YES;
				IPHONEOS_DEPLOYMENT_TARGET = 15.4;
				MTL_ENABLE_DEBUG_INFO = NO;
				MTL_FAST_MATH = YES;
				SDKROOT = iphoneos;
				SWIFT_COMPILATION_MODE = wholemodule;
				SWIFT_OPTIMIZATION_LEVEL = "-O";
				VALIDATE_PRODUCT = YES;
			};
			name = Release;
		};
		CD3982BF283744DC00E46A9D /* Debug */ = {
			isa = XCBuildConfiguration;
			buildSettings = {
				ASSETCATALOG_COMPILER_APPICON_NAME = AppIcon;
				ASSETCATALOG_COMPILER_GLOBAL_ACCENT_COLOR_NAME = AccentColor;
				CODE_SIGN_STYLE = Automatic;
				CURRENT_PROJECT_VERSION = 1;
				DEVELOPMENT_ASSET_PATHS = "\"Travoila/Preview Content\"";
				DEVELOPMENT_TEAM = WGL3FLXL4B;
				ENABLE_PREVIEWS = YES;
				GENERATE_INFOPLIST_FILE = YES;
				INFOPLIST_KEY_UIApplicationSceneManifest_Generation = YES;
				INFOPLIST_KEY_UIApplicationSupportsIndirectInputEvents = YES;
				INFOPLIST_KEY_UILaunchScreen_Generation = YES;
				INFOPLIST_KEY_UISupportedInterfaceOrientations_iPad = "UIInterfaceOrientationPortrait UIInterfaceOrientationPortraitUpsideDown UIInterfaceOrientationLandscapeLeft UIInterfaceOrientationLandscapeRight";
				INFOPLIST_KEY_UISupportedInterfaceOrientations_iPhone = "UIInterfaceOrientationPortrait UIInterfaceOrientationLandscapeLeft UIInterfaceOrientationLandscapeRight";
				LD_RUNPATH_SEARCH_PATHS = (
					"$(inherited)",
					"@executable_path/Frameworks",
				);
				MARKETING_VERSION = 1.0;
				PRODUCT_BUNDLE_IDENTIFIER = com.patrick.Travoila;
				PRODUCT_NAME = "$(TARGET_NAME)";
				SWIFT_EMIT_LOC_STRINGS = YES;
				SWIFT_VERSION = 5.0;
				TARGETED_DEVICE_FAMILY = "1,2";
			};
			name = Debug;
		};
		CD3982C0283744DC00E46A9D /* Release */ = {
			isa = XCBuildConfiguration;
			buildSettings = {
				ASSETCATALOG_COMPILER_APPICON_NAME = AppIcon;
				ASSETCATALOG_COMPILER_GLOBAL_ACCENT_COLOR_NAME = AccentColor;
				CODE_SIGN_STYLE = Automatic;
				CURRENT_PROJECT_VERSION = 1;
				DEVELOPMENT_ASSET_PATHS = "\"Travoila/Preview Content\"";
				DEVELOPMENT_TEAM = WGL3FLXL4B;
				ENABLE_PREVIEWS = YES;
				GENERATE_INFOPLIST_FILE = YES;
				INFOPLIST_KEY_UIApplicationSceneManifest_Generation = YES;
				INFOPLIST_KEY_UIApplicationSupportsIndirectInputEvents = YES;
				INFOPLIST_KEY_UILaunchScreen_Generation = YES;
				INFOPLIST_KEY_UISupportedInterfaceOrientations_iPad = "UIInterfaceOrientationPortrait UIInterfaceOrientationPortraitUpsideDown UIInterfaceOrientationLandscapeLeft UIInterfaceOrientationLandscapeRight";
				INFOPLIST_KEY_UISupportedInterfaceOrientations_iPhone = "UIInterfaceOrientationPortrait UIInterfaceOrientationLandscapeLeft UIInterfaceOrientationLandscapeRight";
				LD_RUNPATH_SEARCH_PATHS = (
					"$(inherited)",
					"@executable_path/Frameworks",
				);
				MARKETING_VERSION = 1.0;
				PRODUCT_BUNDLE_IDENTIFIER = com.patrick.Travoila;
				PRODUCT_NAME = "$(TARGET_NAME)";
				SWIFT_EMIT_LOC_STRINGS = YES;
				SWIFT_VERSION = 5.0;
				TARGETED_DEVICE_FAMILY = "1,2";
			};
			name = Release;
		};
/* End XCBuildConfiguration section */

/* Begin XCConfigurationList section */
		CD3982AB283744DC00E46A9D /* Build configuration list for PBXProject "Travoila" */ = {
			isa = XCConfigurationList;
			buildConfigurations = (
				CD3982BC283744DC00E46A9D /* Debug */,
				CD3982BD283744DC00E46A9D /* Release */,
			);
			defaultConfigurationIsVisible = 0;
			defaultConfigurationName = Release;
		};
		CD3982BE283744DC00E46A9D /* Build configuration list for PBXNativeTarget "Travoila" */ = {
			isa = XCConfigurationList;
			buildConfigurations = (
				CD3982BF283744DC00E46A9D /* Debug */,
				CD3982C0283744DC00E46A9D /* Release */,
			);
			defaultConfigurationIsVisible = 0;
			defaultConfigurationName = Release;
		};
/* End XCConfigurationList section */
	};
	rootObject = CD3982A8283744DC00E46A9D /* Project object */;
}
